# This file is generated by running "yarn install" inside your project.
# Manual changes might be lost - proceed with caution!

__metadata:
  version: 6
  cacheKey: 8

"refine-type@workspace:.":
  version: 0.0.0-use.local
  resolution: "refine-type@workspace:."
  dependencies:
    typescript: ^4.7.4
    zod: ^3.17.3
  peerDependencies:
    zod: ^3.17.3
  languageName: unknown
  linkType: soft

"typescript@npm:^4.7.4":
  version: 4.7.4
  resolution: "typescript@npm:4.7.4"
  bin:
    tsc: bin/tsc
    tsserver: bin/tsserver
  checksum: 5750181b1cd7e6482c4195825547e70f944114fb47e58e4aa7553e62f11b3f3173766aef9c281783edfd881f7b8299cf35e3ca8caebe73d8464528c907a164df
  languageName: node
  linkType: hard

"typescript@patch:typescript@^4.7.4#~builtin<compat/typescript>":
  version: 4.7.4
  resolution: "typescript@patch:typescript@npm%3A4.7.4#~builtin<compat/typescript>::version=4.7.4&hash=7ad353"
  bin:
    tsc: bin/tsc
    tsserver: bin/tsserver
  checksum: 9096d8f6c16cb80ef3bf96fcbbd055bf1c4a43bd14f3b7be45a9fbe7ada46ec977f604d5feed3263b4f2aa7d4c7477ce5f9cd87de0d6feedec69a983f3a4f93e
  languageName: node
  linkType: hard

"zod@npm:^3.17.3":
  version: 3.17.3
  resolution: "zod@npm:3.17.3"
  checksum: f74b5d8a307cbed734e7a4a7f57a0c6b0a2d5062adee25e86eceaa1bec606621d6861804130f53342dec2d6e77fe9365f3a5118d55c81688f69f3de5fd3e59af
  languageName: node
  linkType: hard
